
Microsoft Visual Studio Solution File, Format Version 12.00
# Visual Studio Version 16
VisualStudioVersion = 16.0.30309.148
MinimumVisualStudioVersion = 10.0.40219.1
Project("{FAE04EC0-301F-11D3-BF4B-00C04F79EFBC}") = "Querying semi structured data cli", "Querying semi structured data cli\Querying semi structured data cli.csproj", "{908FBD73-9E66-4594-A435-C20A75373C3F}"
EndProject
Global
	GlobalSection(SolutionConfigurationPlatforms) = preSolution
		Debug|Any CPU = Debug|Any CPU
		Release|Any CPU = Release|Any CPU
	EndGlobalSection
	GlobalSection(ProjectConfigurationPlatforms) = postSolution
		{908FBD73-9E66-4594-A435-C20A75373C3F}.Debug|Any CPU.ActiveCfg = Debug|Any CPU
		{908FBD73-9E66-4594-A435-C20A75373C3F}.Debug|Any CPU.Build.0 = Debug|Any CPU
		{908FBD73-9E66-4594-A435-C20A75373C3F}.Release|Any CPU.ActiveCfg = Release|Any CPU
		{908FBD73-9E66-4594-A435-C20A75373C3F}.Release|Any CPU.Build.0 = Release|Any CPU
	EndGlobalSection
	GlobalSection(SolutionProperties) = preSolution
		HideSolutionNode = FALSE
	EndGlobalSection
	GlobalSection(ExtensibilityGlobals) = postSolution
		SolutionGuid = {D9111FD8-A0C1-4780-8CC3-3E65E7A2B5A4}
	EndGlobalSection
EndGlobal
